
Microsoft Visual Studio Solution File, Format Version 12.00
# Visual Studio 15
VisualStudioVersion = 15.0.28307.489
MinimumVisualStudioVersion = 10.0.40219.1
Project("{FAE04EC0-301F-11D3-BF4B-00C04F79EFBC}") = "Code02(p7)", "Code02(p7)\Code02(p7).csproj", "{D08487C8-1508-4EF0-9B53-4085DE02C3E5}"
EndProject
Global
	GlobalSection(SolutionConfigurationPlatforms) = preSolution
		Debug|Any CPU = Debug|Any CPU
		Release|Any CPU = Release|Any CPU
	EndGlobalSection
	GlobalSection(ProjectConfigurationPlatforms) = postSolution
		{D08487C8-1508-4EF0-9B53-4085DE02C3E5}.Debug|Any CPU.ActiveCfg = Debug|Any CPU
		{D08487C8-1508-4EF0-9B53-4085DE02C3E5}.Debug|Any CPU.Build.0 = Debug|Any CPU
		{D08487C8-1508-4EF0-9B53-4085DE02C3E5}.Release|Any CPU.ActiveCfg = Release|Any CPU
		{D08487C8-1508-4EF0-9B53-4085DE02C3E5}.Release|Any CPU.Build.0 = Release|Any CPU
	EndGlobalSection
	GlobalSection(SolutionProperties) = preSolution
		HideSolutionNode = FALSE
	EndGlobalSection
	GlobalSection(ExtensibilityGlobals) = postSolution
		SolutionGuid = {8CEE3802-B8CE-4892-9415-9EAE34A50094}
	EndGlobalSection
EndGlobal
