
Microsoft Visual Studio Solution File, Format Version 12.00
# Visual Studio 15
VisualStudioVersion = 15.0.28307.489
MinimumVisualStudioVersion = 10.0.40219.1
Project("{FAE04EC0-301F-11D3-BF4B-00C04F79EFBC}") = "Quiz02", "Quiz02\Quiz02.csproj", "{D82E6A79-D2AA-4AEF-9047-36A839C8FC5C}"
EndProject
Global
	GlobalSection(SolutionConfigurationPlatforms) = preSolution
		Debug|Any CPU = Debug|Any CPU
		Release|Any CPU = Release|Any CPU
	EndGlobalSection
	GlobalSection(ProjectConfigurationPlatforms) = postSolution
		{D82E6A79-D2AA-4AEF-9047-36A839C8FC5C}.Debug|Any CPU.ActiveCfg = Debug|Any CPU
		{D82E6A79-D2AA-4AEF-9047-36A839C8FC5C}.Debug|Any CPU.Build.0 = Debug|Any CPU
		{D82E6A79-D2AA-4AEF-9047-36A839C8FC5C}.Release|Any CPU.ActiveCfg = Release|Any CPU
		{D82E6A79-D2AA-4AEF-9047-36A839C8FC5C}.Release|Any CPU.Build.0 = Release|Any CPU
	EndGlobalSection
	GlobalSection(SolutionProperties) = preSolution
		HideSolutionNode = FALSE
	EndGlobalSection
	GlobalSection(ExtensibilityGlobals) = postSolution
		SolutionGuid = {4786D512-824D-4E33-9EB0-92D9CDE524F1}
	EndGlobalSection
EndGlobal
