
Microsoft Visual Studio Solution File, Format Version 12.00
# Visual Studio 15
VisualStudioVersion = 15.0.28307.489
MinimumVisualStudioVersion = 10.0.40219.1
Project("{FAE04EC0-301F-11D3-BF4B-00C04F79EFBC}") = "MyForm8", "MyForm8\MyForm8.csproj", "{E8027639-5110-4236-BE0B-CD83C741F098}"
EndProject
Global
	GlobalSection(SolutionConfigurationPlatforms) = preSolution
		Debug|Any CPU = Debug|Any CPU
		Release|Any CPU = Release|Any CPU
	EndGlobalSection
	GlobalSection(ProjectConfigurationPlatforms) = postSolution
		{E8027639-5110-4236-BE0B-CD83C741F098}.Debug|Any CPU.ActiveCfg = Debug|Any CPU
		{E8027639-5110-4236-BE0B-CD83C741F098}.Debug|Any CPU.Build.0 = Debug|Any CPU
		{E8027639-5110-4236-BE0B-CD83C741F098}.Release|Any CPU.ActiveCfg = Release|Any CPU
		{E8027639-5110-4236-BE0B-CD83C741F098}.Release|Any CPU.Build.0 = Release|Any CPU
	EndGlobalSection
	GlobalSection(SolutionProperties) = preSolution
		HideSolutionNode = FALSE
	EndGlobalSection
	GlobalSection(ExtensibilityGlobals) = postSolution
		SolutionGuid = {2602AA89-EAB0-4439-9CC6-3C7C31B4BF4C}
	EndGlobalSection
EndGlobal
