
Microsoft Visual Studio Solution File, Format Version 12.00
# Visual Studio 15
VisualStudioVersion = 15.0.28307.489
MinimumVisualStudioVersion = 10.0.40219.1
Project("{FAE04EC0-301F-11D3-BF4B-00C04F79EFBC}") = "Code001(p267)", "Code001(p267)\Code001(p267).csproj", "{03665F6E-A215-4587-9F49-FE93E4467707}"
EndProject
Global
	GlobalSection(SolutionConfigurationPlatforms) = preSolution
		Debug|Any CPU = Debug|Any CPU
		Release|Any CPU = Release|Any CPU
	EndGlobalSection
	GlobalSection(ProjectConfigurationPlatforms) = postSolution
		{03665F6E-A215-4587-9F49-FE93E4467707}.Debug|Any CPU.ActiveCfg = Debug|Any CPU
		{03665F6E-A215-4587-9F49-FE93E4467707}.Debug|Any CPU.Build.0 = Debug|Any CPU
		{03665F6E-A215-4587-9F49-FE93E4467707}.Release|Any CPU.ActiveCfg = Release|Any CPU
		{03665F6E-A215-4587-9F49-FE93E4467707}.Release|Any CPU.Build.0 = Release|Any CPU
	EndGlobalSection
	GlobalSection(SolutionProperties) = preSolution
		HideSolutionNode = FALSE
	EndGlobalSection
	GlobalSection(ExtensibilityGlobals) = postSolution
		SolutionGuid = {D7CF9238-BC33-4D16-92AC-FC791C17FC96}
	EndGlobalSection
EndGlobal
