
Microsoft Visual Studio Solution File, Format Version 12.00
# Visual Studio 15
VisualStudioVersion = 15.0.28307.489
MinimumVisualStudioVersion = 10.0.40219.1
Project("{FAE04EC0-301F-11D3-BF4B-00C04F79EFBC}") = "Quiz03", "Quiz03\Quiz03.csproj", "{26CBD9B7-9BB6-49E8-9D47-1360E35C480D}"
EndProject
Global
	GlobalSection(SolutionConfigurationPlatforms) = preSolution
		Debug|Any CPU = Debug|Any CPU
		Release|Any CPU = Release|Any CPU
	EndGlobalSection
	GlobalSection(ProjectConfigurationPlatforms) = postSolution
		{26CBD9B7-9BB6-49E8-9D47-1360E35C480D}.Debug|Any CPU.ActiveCfg = Debug|Any CPU
		{26CBD9B7-9BB6-49E8-9D47-1360E35C480D}.Debug|Any CPU.Build.0 = Debug|Any CPU
		{26CBD9B7-9BB6-49E8-9D47-1360E35C480D}.Release|Any CPU.ActiveCfg = Release|Any CPU
		{26CBD9B7-9BB6-49E8-9D47-1360E35C480D}.Release|Any CPU.Build.0 = Release|Any CPU
	EndGlobalSection
	GlobalSection(SolutionProperties) = preSolution
		HideSolutionNode = FALSE
	EndGlobalSection
	GlobalSection(ExtensibilityGlobals) = postSolution
		SolutionGuid = {E61771FA-691D-4C8D-9637-A68A95FBF12E}
	EndGlobalSection
EndGlobal
