
Microsoft Visual Studio Solution File, Format Version 12.00
# Visual Studio 15
VisualStudioVersion = 15.0.28307.489
MinimumVisualStudioVersion = 10.0.40219.1
Project("{FAE04EC0-301F-11D3-BF4B-00C04F79EFBC}") = "code001 String Substring", "code001 String Substring\code001 String Substring.csproj", "{FCB172E6-D0B6-47F0-B5CC-555052CF3003}"
EndProject
Global
	GlobalSection(SolutionConfigurationPlatforms) = preSolution
		Debug|Any CPU = Debug|Any CPU
		Release|Any CPU = Release|Any CPU
	EndGlobalSection
	GlobalSection(ProjectConfigurationPlatforms) = postSolution
		{FCB172E6-D0B6-47F0-B5CC-555052CF3003}.Debug|Any CPU.ActiveCfg = Debug|Any CPU
		{FCB172E6-D0B6-47F0-B5CC-555052CF3003}.Debug|Any CPU.Build.0 = Debug|Any CPU
		{FCB172E6-D0B6-47F0-B5CC-555052CF3003}.Release|Any CPU.ActiveCfg = Release|Any CPU
		{FCB172E6-D0B6-47F0-B5CC-555052CF3003}.Release|Any CPU.Build.0 = Release|Any CPU
	EndGlobalSection
	GlobalSection(SolutionProperties) = preSolution
		HideSolutionNode = FALSE
	EndGlobalSection
	GlobalSection(ExtensibilityGlobals) = postSolution
		SolutionGuid = {E58E387E-E4C1-4860-A883-9FD0175E6FB4}
	EndGlobalSection
EndGlobal
