
Microsoft Visual Studio Solution File, Format Version 12.00
# Visual Studio 15
VisualStudioVersion = 15.0.28307.489
MinimumVisualStudioVersion = 10.0.40219.1
Project("{FAE04EC0-301F-11D3-BF4B-00C04F79EFBC}") = "code002 화문수", "code002 화문수\code002 화문수.csproj", "{4124793A-E48D-44B4-A3A7-B2B4B83A43C3}"
EndProject
Global
	GlobalSection(SolutionConfigurationPlatforms) = preSolution
		Debug|Any CPU = Debug|Any CPU
		Release|Any CPU = Release|Any CPU
	EndGlobalSection
	GlobalSection(ProjectConfigurationPlatforms) = postSolution
		{4124793A-E48D-44B4-A3A7-B2B4B83A43C3}.Debug|Any CPU.ActiveCfg = Debug|Any CPU
		{4124793A-E48D-44B4-A3A7-B2B4B83A43C3}.Debug|Any CPU.Build.0 = Debug|Any CPU
		{4124793A-E48D-44B4-A3A7-B2B4B83A43C3}.Release|Any CPU.ActiveCfg = Release|Any CPU
		{4124793A-E48D-44B4-A3A7-B2B4B83A43C3}.Release|Any CPU.Build.0 = Release|Any CPU
	EndGlobalSection
	GlobalSection(SolutionProperties) = preSolution
		HideSolutionNode = FALSE
	EndGlobalSection
	GlobalSection(ExtensibilityGlobals) = postSolution
		SolutionGuid = {B380E9FE-1B5E-4E00-B4DA-4C8221A275F5}
	EndGlobalSection
EndGlobal
