
Microsoft Visual Studio Solution File, Format Version 12.00
# Visual Studio 15
VisualStudioVersion = 15.0.28307.489
MinimumVisualStudioVersion = 10.0.40219.1
Project("{FAE04EC0-301F-11D3-BF4B-00C04F79EFBC}") = "Code01(p3)", "Code01(p3)\Code01(p3).csproj", "{18EE03EA-6063-4B0C-80D6-8C240D3665B8}"
EndProject
Global
	GlobalSection(SolutionConfigurationPlatforms) = preSolution
		Debug|Any CPU = Debug|Any CPU
		Release|Any CPU = Release|Any CPU
	EndGlobalSection
	GlobalSection(ProjectConfigurationPlatforms) = postSolution
		{18EE03EA-6063-4B0C-80D6-8C240D3665B8}.Debug|Any CPU.ActiveCfg = Debug|Any CPU
		{18EE03EA-6063-4B0C-80D6-8C240D3665B8}.Debug|Any CPU.Build.0 = Debug|Any CPU
		{18EE03EA-6063-4B0C-80D6-8C240D3665B8}.Release|Any CPU.ActiveCfg = Release|Any CPU
		{18EE03EA-6063-4B0C-80D6-8C240D3665B8}.Release|Any CPU.Build.0 = Release|Any CPU
	EndGlobalSection
	GlobalSection(SolutionProperties) = preSolution
		HideSolutionNode = FALSE
	EndGlobalSection
	GlobalSection(ExtensibilityGlobals) = postSolution
		SolutionGuid = {3C5995EC-A2F5-40F9-A2EE-B0130EC866EA}
	EndGlobalSection
EndGlobal
