
Microsoft Visual Studio Solution File, Format Version 12.00
# Visual Studio 15
VisualStudioVersion = 15.0.28307.489
MinimumVisualStudioVersion = 10.0.40219.1
Project("{FAE04EC0-301F-11D3-BF4B-00C04F79EFBC}") = "MyForm9", "MyForm9\MyForm9.csproj", "{2A23607B-68C3-4ABD-BD05-8DE250E2C6BB}"
EndProject
Global
	GlobalSection(SolutionConfigurationPlatforms) = preSolution
		Debug|Any CPU = Debug|Any CPU
		Release|Any CPU = Release|Any CPU
	EndGlobalSection
	GlobalSection(ProjectConfigurationPlatforms) = postSolution
		{2A23607B-68C3-4ABD-BD05-8DE250E2C6BB}.Debug|Any CPU.ActiveCfg = Debug|Any CPU
		{2A23607B-68C3-4ABD-BD05-8DE250E2C6BB}.Debug|Any CPU.Build.0 = Debug|Any CPU
		{2A23607B-68C3-4ABD-BD05-8DE250E2C6BB}.Release|Any CPU.ActiveCfg = Release|Any CPU
		{2A23607B-68C3-4ABD-BD05-8DE250E2C6BB}.Release|Any CPU.Build.0 = Release|Any CPU
	EndGlobalSection
	GlobalSection(SolutionProperties) = preSolution
		HideSolutionNode = FALSE
	EndGlobalSection
	GlobalSection(ExtensibilityGlobals) = postSolution
		SolutionGuid = {E3F264B2-7BAA-4903-BFEC-F9E3089EC5A1}
	EndGlobalSection
EndGlobal
