
Microsoft Visual Studio Solution File, Format Version 12.00
# Visual Studio 15
VisualStudioVersion = 15.0.28307.489
MinimumVisualStudioVersion = 10.0.40219.1
Project("{FAE04EC0-301F-11D3-BF4B-00C04F79EFBC}") = "Example_Queue(p400)", "Example_Queue(p400)\Example_Queue(p400).csproj", "{EAD9771D-8BA3-4C7D-8564-44B278D40632}"
EndProject
Global
	GlobalSection(SolutionConfigurationPlatforms) = preSolution
		Debug|Any CPU = Debug|Any CPU
		Release|Any CPU = Release|Any CPU
	EndGlobalSection
	GlobalSection(ProjectConfigurationPlatforms) = postSolution
		{EAD9771D-8BA3-4C7D-8564-44B278D40632}.Debug|Any CPU.ActiveCfg = Debug|Any CPU
		{EAD9771D-8BA3-4C7D-8564-44B278D40632}.Debug|Any CPU.Build.0 = Debug|Any CPU
		{EAD9771D-8BA3-4C7D-8564-44B278D40632}.Release|Any CPU.ActiveCfg = Release|Any CPU
		{EAD9771D-8BA3-4C7D-8564-44B278D40632}.Release|Any CPU.Build.0 = Release|Any CPU
	EndGlobalSection
	GlobalSection(SolutionProperties) = preSolution
		HideSolutionNode = FALSE
	EndGlobalSection
	GlobalSection(ExtensibilityGlobals) = postSolution
		SolutionGuid = {1683AC91-4C2C-4140-9C7E-F9E1992DDFD1}
	EndGlobalSection
EndGlobal
